// !$*UTF8*$!
{
	archiveVersion = 1;
	classes = {
	};
	objectVersion = 56;
	objects = {

/* Begin PBXBuildFile section */
		C0CDF28F2CDF34BA00385769 /* TMMoviesApp.swift in Sources */ = {isa = PBXBuildFile; fileRef = C0CDF28E2CDF34BA00385769 /* TMMoviesApp.swift */; };
		C0CDF2912CDF34BA00385769 /* ContentView.swift in Sources */ = {isa = PBXBuildFile; fileRef = C0CDF2902CDF34BA00385769 /* ContentView.swift */; };
		C0CDF2932CDF34BB00385769 /* Assets.xcassets in Resources */ = {isa = PBXBuildFile; fileRef = C0CDF2922CDF34BB00385769 /* Assets.xcassets */; };
		C0CDF2962CDF34BB00385769 /* Preview Assets.xcassets in Resources */ = {isa = PBXBuildFile; fileRef = C0CDF2952CDF34BB00385769 /* Preview Assets.xcassets */; };
		C0CDF2A02CDF34BB00385769 /* TMMoviesTests.swift in Sources */ = {isa = PBXBuildFile; fileRef = C0CDF29F2CDF34BB00385769 /* TMMoviesTests.swift */; };
		C0CDF2AA2CDF34BB00385769 /* TMMoviesUITests.swift in Sources */ = {isa = PBXBuildFile; fileRef = C0CDF2A92CDF34BB00385769 /* TMMoviesUITests.swift */; };
		C0CDF2AC2CDF34BB00385769 /* TMMoviesUITestsLaunchTests.swift in Sources */ = {isa = PBXBuildFile; fileRef = C0CDF2AB2CDF34BB00385769 /* TMMoviesUITestsLaunchTests.swift */; };
/* End PBXBuildFile section */

/* Begin PBXContainerItemProxy section */
		C0CDF29C2CDF34BB00385769 /* PBXContainerItemProxy */ = {
			isa = PBXContainerItemProxy;
			containerPortal = C0CDF2832CDF34BA00385769 /* Project object */;
			proxyType = 1;
			remoteGlobalIDString = C0CDF28A2CDF34BA00385769;
			remoteInfo = TMMovies;
		};
		C0CDF2A62CDF34BB00385769 /* PBXContainerItemProxy */ = {
			isa = PBXContainerItemProxy;
			containerPortal = C0CDF2832CDF34BA00385769 /* Project object */;
			proxyType = 1;
			remoteGlobalIDString = C0CDF28A2CDF34BA00385769;
			remoteInfo = TMMovies;
		};
/* End PBXContainerItemProxy section */

/* Begin PBXFileReference section */
		C0CDF28B2CDF34BA00385769 /* TMMovies.app */ = {isa = PBXFileReference; explicitFileType = wrapper.application; includeInIndex = 0; path = TMMovies.app; sourceTree = BUILT_PRODUCTS_DIR; };
		C0CDF28E2CDF34BA00385769 /* TMMoviesApp.swift */ = {isa = PBXFileReference; lastKnownFileType = sourcecode.swift; path = TMMoviesApp.swift; sourceTree = "<group>"; };
		C0CDF2902CDF34BA00385769 /* ContentView.swift */ = {isa = PBXFileReference; lastKnownFileType = sourcecode.swift; path = ContentView.swift; sourceTree = "<group>"; };
		C0CDF2922CDF34BB00385769 /* Assets.xcassets */ = {isa = PBXFileReference; lastKnownFileType = folder.assetcatalog; path = Assets.xcassets; sourceTree = "<group>"; };
		C0CDF2952CDF34BB00385769 /* Preview Assets.xcassets */ = {isa = PBXFileReference; lastKnownFileType = folder.assetcatalog; path = "Preview Assets.xcassets"; sourceTree = "<group>"; };
		C0CDF29B2CDF34BB00385769 /* TMMoviesTests.xctest */ = {isa = PBXFileReference; explicitFileType = wrapper.cfbundle; includeInIndex = 0; path = TMMoviesTests.xctest; sourceTree = BUILT_PRODUCTS_DIR; };
		C0CDF29F2CDF34BB00385769 /* TMMoviesTests.swift */ = {isa = PBXFileReference; lastKnownFileType = sourcecode.swift; path = TMMoviesTests.swift; sourceTree = "<group>"; };
		C0CDF2A52CDF34BB00385769 /* TMMoviesUITests.xctest */ = {isa = PBXFileReference; explicitFileType = wrapper.cfbundle; includeInIndex = 0; path = TMMoviesUITests.xctest; sourceTree = BUILT_PRODUCTS_DIR; };
		C0CDF2A92CDF34BB00385769 /* TMMoviesUITests.swift */ = {isa = PBXFileReference; lastKnownFileType = sourcecode.swift; path = TMMoviesUITests.swift; sourceTree = "<group>"; };
		C0CDF2AB2CDF34BB00385769 /* TMMoviesUITestsLaunchTests.swift */ = {isa = PBXFileReference; lastKnownFileType = sourcecode.swift; path = TMMoviesUITestsLaunchTests.swift; sourceTree = "<group>"; };
/* End PBXFileReference section */

/* Begin PBXFrameworksBuildPhase section */
		C0CDF2882CDF34BA00385769 /* Frameworks */ = {
			isa = PBXFrameworksBuildPhase;
			buildActionMask = 2147483647;
			files = (
			);
			runOnlyForDeploymentPostprocessing = 0;
		};
		C0CDF2982CDF34BB00385769 /* Frameworks */ = {
			isa = PBXFrameworksBuildPhase;
			buildActionMask = 2147483647;
			files = (
			);
			runOnlyForDeploymentPostprocessing = 0;
		};
		C0CDF2A22CDF34BB00385769 /* Frameworks */ = {
			isa = PBXFrameworksBuildPhase;
			buildActionMask = 2147483647;
			files = (
			);
			runOnlyForDeploymentPostprocessing = 0;
		};
/* End PBXFrameworksBuildPhase section */

/* Begin PBXGroup section */
		C0CDF2822CDF34BA00385769 = {
			isa = PBXGroup;
			children = (
				C0CDF28D2CDF34BA00385769 /* TMMovies */,
				C0CDF29E2CDF34BB00385769 /* TMMoviesTests */,
				C0CDF2A82CDF34BB00385769 /* TMMoviesUITests */,
				C0CDF28C2CDF34BA00385769 /* Products */,
			);
			sourceTree = "<group>";
		};
		C0CDF28C2CDF34BA00385769 /* Products */ = {
			isa = PBXGroup;
			children = (
				C0CDF28B2CDF34BA00385769 /* TMMovies.app */,
				C0CDF29B2CDF34BB00385769 /* TMMoviesTests.xctest */,
				C0CDF2A52CDF34BB00385769 /* TMMoviesUITests.xctest */,
			);
			name = Products;
			sourceTree = "<group>";
		};
		C0CDF28D2CDF34BA00385769 /* TMMovies */ = {
			isa = PBXGroup;
			children = (
				C0CDF28E2CDF34BA00385769 /* TMMoviesApp.swift */,
				C0CDF2B92CDF34D000385769 /* Models */,
				C0CDF2BD2CDF352E00385769 /* Resources */,
				C0CDF2BC2CDF351900385769 /* Network */,
				C0CDF2BB2CDF350900385769 /* Services */,
				C0CDF2BA2CDF34D800385769 /* ViewModels */,
				C0CDF2B82CDF34C900385769 /* Views */,
				C0CDF2942CDF34BB00385769 /* Preview Content */,
			);
			path = TMMovies;
			sourceTree = "<group>";
		};
		C0CDF2942CDF34BB00385769 /* Preview Content */ = {
			isa = PBXGroup;
			children = (
				C0CDF2952CDF34BB00385769 /* Preview Assets.xcassets */,
			);
			path = "Preview Content";
			sourceTree = "<group>";
		};
		C0CDF29E2CDF34BB00385769 /* TMMoviesTests */ = {
			isa = PBXGroup;
			children = (
				C0CDF29F2CDF34BB00385769 /* TMMoviesTests.swift */,
			);
			path = TMMoviesTests;
			sourceTree = "<group>";
		};
		C0CDF2A82CDF34BB00385769 /* TMMoviesUITests */ = {
			isa = PBXGroup;
			children = (
				C0CDF2A92CDF34BB00385769 /* TMMoviesUITests.swift */,
				C0CDF2AB2CDF34BB00385769 /* TMMoviesUITestsLaunchTests.swift */,
			);
			path = TMMoviesUITests;
			sourceTree = "<group>";
		};
		C0CDF2B82CDF34C900385769 /* Views */ = {
			isa = PBXGroup;
			children = (
				C0CDF2902CDF34BA00385769 /* ContentView.swift */,
			);
			path = Views;
			sourceTree = "<group>";
		};
		C0CDF2B92CDF34D000385769 /* Models */ = {
			isa = PBXGroup;
			children = (
			);
			path = Models;
			sourceTree = "<group>";
		};
		C0CDF2BA2CDF34D800385769 /* ViewModels */ = {
			isa = PBXGroup;
			children = (
			);
			path = ViewModels;
			sourceTree = "<group>";
		};
		C0CDF2BB2CDF350900385769 /* Services */ = {
			isa = PBXGroup;
			children = (
			);
			path = Services;
			sourceTree = "<group>";
		};
		C0CDF2BC2CDF351900385769 /* Network */ = {
			isa = PBXGroup;
			children = (
			);
			path = Network;
			sourceTree = "<group>";
		};
		C0CDF2BD2CDF352E00385769 /* Resources */ = {
			isa = PBXGroup;
			children = (
				C0CDF2922CDF34BB00385769 /* Assets.xcassets */,
			);
			path = Resources;
			sourceTree = "<group>";
		};
/* End PBXGroup section */

/* Begin PBXNativeTarget section */
		C0CDF28A2CDF34BA00385769 /* TMMovies */ = {
			isa = PBXNativeTarget;
			buildConfigurationList = C0CDF2AF2CDF34BB00385769 /* Build configuration list for PBXNativeTarget "TMMovies" */;
			buildPhases = (
				C0CDF2872CDF34BA00385769 /* Sources */,
				C0CDF2882CDF34BA00385769 /* Frameworks */,
				C0CDF2892CDF34BA00385769 /* Resources */,
			);
			buildRules = (
			);
			dependencies = (
			);
			name = TMMovies;
			productName = TMMovies;
			productReference = C0CDF28B2CDF34BA00385769 /* TMMovies.app */;
			productType = "com.apple.product-type.application";
		};
		C0CDF29A2CDF34BB00385769 /* TMMoviesTests */ = {
			isa = PBXNativeTarget;
			buildConfigurationList = C0CDF2B22CDF34BB00385769 /* Build configuration list for PBXNativeTarget "TMMoviesTests" */;
			buildPhases = (
				C0CDF2972CDF34BB00385769 /* Sources */,
				C0CDF2982CDF34BB00385769 /* Frameworks */,
				C0CDF2992CDF34BB00385769 /* Resources */,
			);
			buildRules = (
			);
			dependencies = (
				C0CDF29D2CDF34BB00385769 /* PBXTargetDependency */,
			);
			name = TMMoviesTests;
			productName = TMMoviesTests;
			productReference = C0CDF29B2CDF34BB00385769 /* TMMoviesTests.xctest */;
			productType = "com.apple.product-type.bundle.unit-test";
		};
		C0CDF2A42CDF34BB00385769 /* TMMoviesUITests */ = {
			isa = PBXNativeTarget;
			buildConfigurationList = C0CDF2B52CDF34BB00385769 /* Build configuration list for PBXNativeTarget "TMMoviesUITests" */;
			buildPhases = (
				C0CDF2A12CDF34BB00385769 /* Sources */,
				C0CDF2A22CDF34BB00385769 /* Frameworks */,
				C0CDF2A32CDF34BB00385769 /* Resources */,
			);
			buildRules = (
			);
			dependencies = (
				C0CDF2A72CDF34BB00385769 /* PBXTargetDependency */,
			);
			name = TMMoviesUITests;
			productName = TMMoviesUITests;
			productReference = C0CDF2A52CDF34BB00385769 /* TMMoviesUITests.xctest */;
			productType = "com.apple.product-type.bundle.ui-testing";
		};
/* End PBXNativeTarget section */

/* Begin PBXProject section */
		C0CDF2832CDF34BA00385769 /* Project object */ = {
			isa = PBXProject;
			attributes = {
				BuildIndependentTargetsInParallel = 1;
				LastSwiftUpdateCheck = 1530;
				LastUpgradeCheck = 1530;
				TargetAttributes = {
					C0CDF28A2CDF34BA00385769 = {
						CreatedOnToolsVersion = 15.3;
					};
					C0CDF29A2CDF34BB00385769 = {
						CreatedOnToolsVersion = 15.3;
						TestTargetID = C0CDF28A2CDF34BA00385769;
					};
					C0CDF2A42CDF34BB00385769 = {
						CreatedOnToolsVersion = 15.3;
						TestTargetID = C0CDF28A2CDF34BA00385769;
					};
				};
			};
			buildConfigurationList = C0CDF2862CDF34BA00385769 /* Build configuration list for PBXProject "TMMovies" */;
			compatibilityVersion = "Xcode 14.0";
			developmentRegion = en;
			hasScannedForEncodings = 0;
			knownRegions = (
				en,
				Base,
			);
			mainGroup = C0CDF2822CDF34BA00385769;
			productRefGroup = C0CDF28C2CDF34BA00385769 /* Products */;
			projectDirPath = "";
			projectRoot = "";
			targets = (
				C0CDF28A2CDF34BA00385769 /* TMMovies */,
				C0CDF29A2CDF34BB00385769 /* TMMoviesTests */,
				C0CDF2A42CDF34BB00385769 /* TMMoviesUITests */,
			);
		};
/* End PBXProject section */

/* Begin PBXResourcesBuildPhase section */
		C0CDF2892CDF34BA00385769 /* Resources */ = {
			isa = PBXResourcesBuildPhase;
			buildActionMask = 2147483647;
			files = (
				C0CDF2962CDF34BB00385769 /* Preview Assets.xcassets in Resources */,
				C0CDF2932CDF34BB00385769 /* Assets.xcassets in Resources */,
			);
			runOnlyForDeploymentPostprocessing = 0;
		};
		C0CDF2992CDF34BB00385769 /* Resources */ = {
			isa = PBXResourcesBuildPhase;
			buildActionMask = 2147483647;
			files = (
			);
			runOnlyForDeploymentPostprocessing = 0;
		};
		C0CDF2A32CDF34BB00385769 /* Resources */ = {
			isa = PBXResourcesBuildPhase;
			buildActionMask = 2147483647;
			files = (
			);
			runOnlyForDeploymentPostprocessing = 0;
		};
/* End PBXResourcesBuildPhase section */

/* Begin PBXSourcesBuildPhase section */
		C0CDF2872CDF34BA00385769 /* Sources */ = {
			isa = PBXSourcesBuildPhase;
			buildActionMask = 2147483647;
			files = (
				C0CDF2912CDF34BA00385769 /* ContentView.swift in Sources */,
				C0CDF28F2CDF34BA00385769 /* TMMoviesApp.swift in Sources */,
			);
			runOnlyForDeploymentPostprocessing = 0;
		};
		C0CDF2972CDF34BB00385769 /* Sources */ = {
			isa = PBXSourcesBuildPhase;
			buildActionMask = 2147483647;
			files = (
				C0CDF2A02CDF34BB00385769 /* TMMoviesTests.swift in Sources */,
			);
			runOnlyForDeploymentPostprocessing = 0;
		};
		C0CDF2A12CDF34BB00385769 /* Sources */ = {
			isa = PBXSourcesBuildPhase;
			buildActionMask = 2147483647;
			files = (
				C0CDF2AC2CDF34BB00385769 /* TMMoviesUITestsLaunchTests.swift in Sources */,
				C0CDF2AA2CDF34BB00385769 /* TMMoviesUITests.swift in Sources */,
			);
			runOnlyForDeploymentPostprocessing = 0;
		};
/* End PBXSourcesBuildPhase section */

/* Begin PBXTargetDependency section */
		C0CDF29D2CDF34BB00385769 /* PBXTargetDependency */ = {
			isa = PBXTargetDependency;
			target = C0CDF28A2CDF34BA00385769 /* TMMovies */;
			targetProxy = C0CDF29C2CDF34BB00385769 /* PBXContainerItemProxy */;
		};
		C0CDF2A72CDF34BB00385769 /* PBXTargetDependency */ = {
			isa = PBXTargetDependency;
			target = C0CDF28A2CDF34BA00385769 /* TMMovies */;
			targetProxy = C0CDF2A62CDF34BB00385769 /* PBXContainerItemProxy */;
		};
/* End PBXTargetDependency section */

/* Begin XCBuildConfiguration section */
		C0CDF2AD2CDF34BB00385769 /* Debug */ = {
			isa = XCBuildConfiguration;
			buildSettings = {
				ALWAYS_SEARCH_USER_PATHS = NO;
				ASSETCATALOG_COMPILER_GENERATE_SWIFT_ASSET_SYMBOL_EXTENSIONS = YES;
				CLANG_ANALYZER_NONNULL = YES;
				CLANG_ANALYZER_NUMBER_OBJECT_CONVERSION = YES_AGGRESSIVE;
				CLANG_CXX_LANGUAGE_STANDARD = "gnu++20";
				CLANG_ENABLE_MODULES = YES;
				CLANG_ENABLE_OBJC_ARC = YES;
				CLANG_ENABLE_OBJC_WEAK = YES;
				CLANG_WARN_BLOCK_CAPTURE_AUTORELEASING = YES;
				CLANG_WARN_BOOL_CONVERSION = YES;
				CLANG_WARN_COMMA = YES;
				CLANG_WARN_CONSTANT_CONVERSION = YES;
				CLANG_WARN_DEPRECATED_OBJC_IMPLEMENTATIONS = YES;
				CLANG_WARN_DIRECT_OBJC_ISA_USAGE = YES_ERROR;
				CLANG_WARN_DOCUMENTATION_COMMENTS = YES;
				CLANG_WARN_EMPTY_BODY = YES;
				CLANG_WARN_ENUM_CONVERSION = YES;
				CLANG_WARN_INFINITE_RECURSION = YES;
				CLANG_WARN_INT_CONVERSION = YES;
				CLANG_WARN_NON_LITERAL_NULL_CONVERSION = YES;
				CLANG_WARN_OBJC_IMPLICIT_RETAIN_SELF = YES;
				CLANG_WARN_OBJC_LITERAL_CONVERSION = YES;
				CLANG_WARN_OBJC_ROOT_CLASS = YES_ERROR;
				CLANG_WARN_QUOTED_INCLUDE_IN_FRAMEWORK_HEADER = YES;
				CLANG_WARN_RANGE_LOOP_ANALYSIS = YES;
				CLANG_WARN_STRICT_PROTOTYPES = YES;
				CLANG_WARN_SUSPICIOUS_MOVE = YES;
				CLANG_WARN_UNGUARDED_AVAILABILITY = YES_AGGRESSIVE;
				CLANG_WARN_UNREACHABLE_CODE = YES;
				CLANG_WARN__DUPLICATE_METHOD_MATCH = YES;
				COPY_PHASE_STRIP = NO;
				DEBUG_INFORMATION_FORMAT = dwarf;
				ENABLE_STRICT_OBJC_MSGSEND = YES;
				ENABLE_TESTABILITY = YES;
				ENABLE_USER_SCRIPT_SANDBOXING = YES;
				GCC_C_LANGUAGE_STANDARD = gnu17;
				GCC_DYNAMIC_NO_PIC = NO;
				GCC_NO_COMMON_BLOCKS = YES;
				GCC_OPTIMIZATION_LEVEL = 0;
				GCC_PREPROCESSOR_DEFINITIONS = (
					"DEBUG=1",
					"$(inherited)",
				);
				GCC_WARN_64_TO_32_BIT_CONVERSION = YES;
				GCC_WARN_ABOUT_RETURN_TYPE = YES_ERROR;
				GCC_WARN_UNDECLARED_SELECTOR = YES;
				GCC_WARN_UNINITIALIZED_AUTOS = YES_AGGRESSIVE;
				GCC_WARN_UNUSED_FUNCTION = YES;
				GCC_WARN_UNUSED_VARIABLE = YES;
				IPHONEOS_DEPLOYMENT_TARGET = 17.4;
				LOCALIZATION_PREFERS_STRING_CATALOGS = YES;
				MTL_ENABLE_DEBUG_INFO = INCLUDE_SOURCE;
				MTL_FAST_MATH = YES;
				ONLY_ACTIVE_ARCH = YES;
				SDKROOT = iphoneos;
				SWIFT_ACTIVE_COMPILATION_CONDITIONS = "DEBUG $(inherited)";
				SWIFT_OPTIMIZATION_LEVEL = "-Onone";
			};
			name = Debug;
		};
		C0CDF2AE2CDF34BB00385769 /* Release */ = {
			isa = XCBuildConfiguration;
			buildSettings = {
				ALWAYS_SEARCH_USER_PATHS = NO;
				ASSETCATALOG_COMPILER_GENERATE_SWIFT_ASSET_SYMBOL_EXTENSIONS = YES;
				CLANG_ANALYZER_NONNULL = YES;
				CLANG_ANALYZER_NUMBER_OBJECT_CONVERSION = YES_AGGRESSIVE;
				CLANG_CXX_LANGUAGE_STANDARD = "gnu++20";
				CLANG_ENABLE_MODULES = YES;
				CLANG_ENABLE_OBJC_ARC = YES;
				CLANG_ENABLE_OBJC_WEAK = YES;
				CLANG_WARN_BLOCK_CAPTURE_AUTORELEASING = YES;
				CLANG_WARN_BOOL_CONVERSION = YES;
				CLANG_WARN_COMMA = YES;
				CLANG_WARN_CONSTANT_CONVERSION = YES;
				CLANG_WARN_DEPRECATED_OBJC_IMPLEMENTATIONS = YES;
				CLANG_WARN_DIRECT_OBJC_ISA_USAGE = YES_ERROR;
				CLANG_WARN_DOCUMENTATION_COMMENTS = YES;
				CLANG_WARN_EMPTY_BODY = YES;
				CLANG_WARN_ENUM_CONVERSION = YES;
				CLANG_WARN_INFINITE_RECURSION = YES;
				CLANG_WARN_INT_CONVERSION = YES;
				CLANG_WARN_NON_LITERAL_NULL_CONVERSION = YES;
				CLANG_WARN_OBJC_IMPLICIT_RETAIN_SELF = YES;
				CLANG_WARN_OBJC_LITERAL_CONVERSION = YES;
				CLANG_WARN_OBJC_ROOT_CLASS = YES_ERROR;
				CLANG_WARN_QUOTED_INCLUDE_IN_FRAMEWORK_HEADER = YES;
				CLANG_WARN_RANGE_LOOP_ANALYSIS = YES;
				CLANG_WARN_STRICT_PROTOTYPES = YES;
				CLANG_WARN_SUSPICIOUS_MOVE = YES;
				CLANG_WARN_UNGUARDED_AVAILABILITY = YES_AGGRESSIVE;
				CLANG_WARN_UNREACHABLE_CODE = YES;
				CLANG_WARN__DUPLICATE_METHOD_MATCH = YES;
				COPY_PHASE_STRIP = NO;
				DEBUG_INFORMATION_FORMAT = "dwarf-with-dsym";
				ENABLE_NS_ASSERTIONS = NO;
				ENABLE_STRICT_OBJC_MSGSEND = YES;
				ENABLE_USER_SCRIPT_SANDBOXING = YES;
				GCC_C_LANGUAGE_STANDARD = gnu17;
				GCC_NO_COMMON_BLOCKS = YES;
				GCC_WARN_64_TO_32_BIT_CONVERSION = YES;
				GCC_WARN_ABOUT_RETURN_TYPE = YES_ERROR;
				GCC_WARN_UNDECLARED_SELECTOR = YES;
				GCC_WARN_UNINITIALIZED_AUTOS = YES_AGGRESSIVE;
				GCC_WARN_UNUSED_FUNCTION = YES;
				GCC_WARN_UNUSED_VARIABLE = YES;
				IPHONEOS_DEPLOYMENT_TARGET = 17.4;
				LOCALIZATION_PREFERS_STRING_CATALOGS = YES;
				MTL_ENABLE_DEBUG_INFO = NO;
				MTL_FAST_MATH = YES;
				SDKROOT = iphoneos;
				SWIFT_COMPILATION_MODE = wholemodule;
				VALIDATE_PRODUCT = YES;
			};
			name = Release;
		};
		C0CDF2B02CDF34BB00385769 /* Debug */ = {
			isa = XCBuildConfiguration;
			buildSettings = {
				ASSETCATALOG_COMPILER_APPICON_NAME = AppIcon;
				ASSETCATALOG_COMPILER_GLOBAL_ACCENT_COLOR_NAME = AccentColor;
				CODE_SIGN_STYLE = Automatic;
				CURRENT_PROJECT_VERSION = 1;
				DEVELOPMENT_ASSET_PATHS = "\"TMMovies/Preview Content\"";
				DEVELOPMENT_TEAM = R85N7Z4DTZ;
				ENABLE_PREVIEWS = YES;
				GENERATE_INFOPLIST_FILE = YES;
				INFOPLIST_KEY_UIApplicationSceneManifest_Generation = YES;
				INFOPLIST_KEY_UIApplicationSupportsIndirectInputEvents = YES;
				INFOPLIST_KEY_UILaunchScreen_Generation = YES;
				INFOPLIST_KEY_UISupportedInterfaceOrientations_iPad = "UIInterfaceOrientationPortrait UIInterfaceOrientationPortraitUpsideDown UIInterfaceOrientationLandscapeLeft UIInterfaceOrientationLandscapeRight";
				INFOPLIST_KEY_UISupportedInterfaceOrientations_iPhone = "UIInterfaceOrientationPortrait UIInterfaceOrientationLandscapeLeft UIInterfaceOrientationLandscapeRight";
				LD_RUNPATH_SEARCH_PATHS = (
					"$(inherited)",
					"@executable_path/Frameworks",
				);
				MARKETING_VERSION = 1.0;
				PRODUCT_BUNDLE_IDENTIFIER = amalitech.TMMovies;
				PRODUCT_NAME = "$(TARGET_NAME)";
				SWIFT_EMIT_LOC_STRINGS = YES;
				SWIFT_VERSION = 5.0;
				TARGETED_DEVICE_FAMILY = "1,2";
			};
			name = Debug;
		};
		C0CDF2B12CDF34BB00385769 /* Release */ = {
			isa = XCBuildConfiguration;
			buildSettings = {
				ASSETCATALOG_COMPILER_APPICON_NAME = AppIcon;
				ASSETCATALOG_COMPILER_GLOBAL_ACCENT_COLOR_NAME = AccentColor;
				CODE_SIGN_STYLE = Automatic;
				CURRENT_PROJECT_VERSION = 1;
				DEVELOPMENT_ASSET_PATHS = "\"TMMovies/Preview Content\"";
				DEVELOPMENT_TEAM = R85N7Z4DTZ;
				ENABLE_PREVIEWS = YES;
				GENERATE_INFOPLIST_FILE = YES;
				INFOPLIST_KEY_UIApplicationSceneManifest_Generation = YES;
				INFOPLIST_KEY_UIApplicationSupportsIndirectInputEvents = YES;
				INFOPLIST_KEY_UILaunchScreen_Generation = YES;
				INFOPLIST_KEY_UISupportedInterfaceOrientations_iPad = "UIInterfaceOrientationPortrait UIInterfaceOrientationPortraitUpsideDown UIInterfaceOrientationLandscapeLeft UIInterfaceOrientationLandscapeRight";
				INFOPLIST_KEY_UISupportedInterfaceOrientations_iPhone = "UIInterfaceOrientationPortrait UIInterfaceOrientationLandscapeLeft UIInterfaceOrientationLandscapeRight";
				LD_RUNPATH_SEARCH_PATHS = (
					"$(inherited)",
					"@executable_path/Frameworks",
				);
				MARKETING_VERSION = 1.0;
				PRODUCT_BUNDLE_IDENTIFIER = amalitech.TMMovies;
				PRODUCT_NAME = "$(TARGET_NAME)";
				SWIFT_EMIT_LOC_STRINGS = YES;
				SWIFT_VERSION = 5.0;
				TARGETED_DEVICE_FAMILY = "1,2";
			};
			name = Release;
		};
		C0CDF2B32CDF34BB00385769 /* Debug */ = {
			isa = XCBuildConfiguration;
			buildSettings = {
				ALWAYS_EMBED_SWIFT_STANDARD_LIBRARIES = YES;
				BUNDLE_LOADER = "$(TEST_HOST)";
				CODE_SIGN_STYLE = Automatic;
				CURRENT_PROJECT_VERSION = 1;
				DEVELOPMENT_TEAM = R85N7Z4DTZ;
				GENERATE_INFOPLIST_FILE = YES;
				IPHONEOS_DEPLOYMENT_TARGET = 17.4;
				MARKETING_VERSION = 1.0;
				PRODUCT_BUNDLE_IDENTIFIER = amalitech.TMMoviesTests;
				PRODUCT_NAME = "$(TARGET_NAME)";
				SWIFT_EMIT_LOC_STRINGS = NO;
				SWIFT_VERSION = 5.0;
				TARGETED_DEVICE_FAMILY = "1,2";
				TEST_HOST = "$(BUILT_PRODUCTS_DIR)/TMMovies.app/$(BUNDLE_EXECUTABLE_FOLDER_PATH)/TMMovies";
			};
			name = Debug;
		};
		C0CDF2B42CDF34BB00385769 /* Release */ = {
			isa = XCBuildConfiguration;
			buildSettings = {
				ALWAYS_EMBED_SWIFT_STANDARD_LIBRARIES = YES;
				BUNDLE_LOADER = "$(TEST_HOST)";
				CODE_SIGN_STYLE = Automatic;
				CURRENT_PROJECT_VERSION = 1;
				DEVELOPMENT_TEAM = R85N7Z4DTZ;
				GENERATE_INFOPLIST_FILE = YES;
				IPHONEOS_DEPLOYMENT_TARGET = 17.4;
				MARKETING_VERSION = 1.0;
				PRODUCT_BUNDLE_IDENTIFIER = amalitech.TMMoviesTests;
				PRODUCT_NAME = "$(TARGET_NAME)";
				SWIFT_EMIT_LOC_STRINGS = NO;
				SWIFT_VERSION = 5.0;
				TARGETED_DEVICE_FAMILY = "1,2";
				TEST_HOST = "$(BUILT_PRODUCTS_DIR)/TMMovies.app/$(BUNDLE_EXECUTABLE_FOLDER_PATH)/TMMovies";
			};
			name = Release;
		};
		C0CDF2B62CDF34BB00385769 /* Debug */ = {
			isa = XCBuildConfiguration;
			buildSettings = {
				ALWAYS_EMBED_SWIFT_STANDARD_LIBRARIES = YES;
				CODE_SIGN_STYLE = Automatic;
				CURRENT_PROJECT_VERSION = 1;
				DEVELOPMENT_TEAM = R85N7Z4DTZ;
				GENERATE_INFOPLIST_FILE = YES;
				MARKETING_VERSION = 1.0;
				PRODUCT_BUNDLE_IDENTIFIER = amalitech.TMMoviesUITests;
				PRODUCT_NAME = "$(TARGET_NAME)";
				SWIFT_EMIT_LOC_STRINGS = NO;
				SWIFT_VERSION = 5.0;
				TARGETED_DEVICE_FAMILY = "1,2";
				TEST_TARGET_NAME = TMMovies;
			};
			name = Debug;
		};
		C0CDF2B72CDF34BB00385769 /* Release */ = {
			isa = XCBuildConfiguration;
			buildSettings = {
				ALWAYS_EMBED_SWIFT_STANDARD_LIBRARIES = YES;
				CODE_SIGN_STYLE = Automatic;
				CURRENT_PROJECT_VERSION = 1;
				DEVELOPMENT_TEAM = R85N7Z4DTZ;
				GENERATE_INFOPLIST_FILE = YES;
				MARKETING_VERSION = 1.0;
				PRODUCT_BUNDLE_IDENTIFIER = amalitech.TMMoviesUITests;
				PRODUCT_NAME = "$(TARGET_NAME)";
				SWIFT_EMIT_LOC_STRINGS = NO;
				SWIFT_VERSION = 5.0;
				TARGETED_DEVICE_FAMILY = "1,2";
				TEST_TARGET_NAME = TMMovies;
			};
			name = Release;
		};
/* End XCBuildConfiguration section */

/* Begin XCConfigurationList section */
		C0CDF2862CDF34BA00385769 /* Build configuration list for PBXProject "TMMovies" */ = {
			isa = XCConfigurationList;
			buildConfigurations = (
				C0CDF2AD2CDF34BB00385769 /* Debug */,
				C0CDF2AE2CDF34BB00385769 /* Release */,
			);
			defaultConfigurationIsVisible = 0;
			defaultConfigurationName = Release;
		};
		C0CDF2AF2CDF34BB00385769 /* Build configuration list for PBXNativeTarget "TMMovies" */ = {
			isa = XCConfigurationList;
			buildConfigurations = (
				C0CDF2B02CDF34BB00385769 /* Debug */,
				C0CDF2B12CDF34BB00385769 /* Release */,
			);
			defaultConfigurationIsVisible = 0;
			defaultConfigurationName = Release;
		};
		C0CDF2B22CDF34BB00385769 /* Build configuration list for PBXNativeTarget "TMMoviesTests" */ = {
			isa = XCConfigurationList;
			buildConfigurations = (
				C0CDF2B32CDF34BB00385769 /* Debug */,
				C0CDF2B42CDF34BB00385769 /* Release */,
			);
			defaultConfigurationIsVisible = 0;
			defaultConfigurationName = Release;
		};
		C0CDF2B52CDF34BB00385769 /* Build configuration list for PBXNativeTarget "TMMoviesUITests" */ = {
			isa = XCConfigurationList;
			buildConfigurations = (
				C0CDF2B62CDF34BB00385769 /* Debug */,
				C0CDF2B72CDF34BB00385769 /* Release */,
			);
			defaultConfigurationIsVisible = 0;
			defaultConfigurationName = Release;
		};
/* End XCConfigurationList section */
	};
	rootObject = C0CDF2832CDF34BA00385769 /* Project object */;
}
